
Microsoft Visual Studio Solution File, Format Version 12.00
# Visual Studio Version 16
VisualStudioVersion = 16.0.30320.27
MinimumVisualStudioVersion = 10.0.40219.1
Project("{FAE04EC0-301F-11D3-BF4B-00C04F79EFBC}") = "ProcessingNET", "ProcessingNET\ProcessingNET.csproj", "{18045467-9098-47D3-9DFC-E8AF79942125}"
EndProject
Project("{FAE04EC0-301F-11D3-BF4B-00C04F79EFBC}") = "TestApp", "TestApp\TestApp.csproj", "{7E66340D-FD0B-4ACA-B19B-FBC5A843DED7}"
EndProject
Global
	GlobalSection(SolutionConfigurationPlatforms) = preSolution
		Debug|Any CPU = Debug|Any CPU
		Release|Any CPU = Release|Any CPU
	EndGlobalSection
	GlobalSection(ProjectConfigurationPlatforms) = postSolution
		{18045467-9098-47D3-9DFC-E8AF79942125}.Debug|Any CPU.ActiveCfg = Debug|Any CPU
		{18045467-9098-47D3-9DFC-E8AF79942125}.Debug|Any CPU.Build.0 = Debug|Any CPU
		{18045467-9098-47D3-9DFC-E8AF79942125}.Release|Any CPU.ActiveCfg = Release|Any CPU
		{18045467-9098-47D3-9DFC-E8AF79942125}.Release|Any CPU.Build.0 = Release|Any CPU
		{7E66340D-FD0B-4ACA-B19B-FBC5A843DED7}.Debug|Any CPU.ActiveCfg = Debug|Any CPU
		{7E66340D-FD0B-4ACA-B19B-FBC5A843DED7}.Debug|Any CPU.Build.0 = Debug|Any CPU
		{7E66340D-FD0B-4ACA-B19B-FBC5A843DED7}.Release|Any CPU.ActiveCfg = Release|Any CPU
		{7E66340D-FD0B-4ACA-B19B-FBC5A843DED7}.Release|Any CPU.Build.0 = Release|Any CPU
	EndGlobalSection
	GlobalSection(SolutionProperties) = preSolution
		HideSolutionNode = FALSE
	EndGlobalSection
	GlobalSection(ExtensibilityGlobals) = postSolution
		SolutionGuid = {BBB55C86-F424-455F-8C6A-532137D65153}
	EndGlobalSection
EndGlobal
